
Microsoft Visual Studio Solution File, Format Version 12.00
# Visual Studio Version 16
VisualStudioVersion = 16.0.29905.134
MinimumVisualStudioVersion = 10.0.40219.1
Project("{FAE04EC0-301F-11D3-BF4B-00C04F79EFBC}") = "Entertainment_Lib", "Entertainment_Lib\Entertainment_Lib.csproj", "{B6CBB38E-4ECF-49E2-9624-5A82B922F32B}"
EndProject
Global
	GlobalSection(SolutionConfigurationPlatforms) = preSolution
		Debug|Any CPU = Debug|Any CPU
		Release|Any CPU = Release|Any CPU
	EndGlobalSection
	GlobalSection(ProjectConfigurationPlatforms) = postSolution
		{B6CBB38E-4ECF-49E2-9624-5A82B922F32B}.Debug|Any CPU.ActiveCfg = Debug|Any CPU
		{B6CBB38E-4ECF-49E2-9624-5A82B922F32B}.Debug|Any CPU.Build.0 = Debug|Any CPU
		{B6CBB38E-4ECF-49E2-9624-5A82B922F32B}.Release|Any CPU.ActiveCfg = Release|Any CPU
		{B6CBB38E-4ECF-49E2-9624-5A82B922F32B}.Release|Any CPU.Build.0 = Release|Any CPU
	EndGlobalSection
	GlobalSection(SolutionProperties) = preSolution
		HideSolutionNode = FALSE
	EndGlobalSection
	GlobalSection(ExtensibilityGlobals) = postSolution
		SolutionGuid = {09796116-4E54-4679-B8B0-71EFF88B1505}
	EndGlobalSection
EndGlobal
